
Microsoft Visual Studio Solution File, Format Version 12.00
# Visual Studio Version 16
VisualStudioVersion = 16.0.31129.286
MinimumVisualStudioVersion = 10.0.40219.1
Project("{888888A0-9F3D-457C-B088-3A5042F75D52}") = "main", "main.pyproj", "{1B4FABAF-F857-4173-96FE-F3B6A313150D}"
EndProject
Global
	GlobalSection(SolutionConfigurationPlatforms) = preSolution
		Debug|Any CPU = Debug|Any CPU
		Release|Any CPU = Release|Any CPU
	EndGlobalSection
	GlobalSection(ProjectConfigurationPlatforms) = postSolution
		{1B4FABAF-F857-4173-96FE-F3B6A313150D}.Debug|Any CPU.ActiveCfg = Debug|Any CPU
		{1B4FABAF-F857-4173-96FE-F3B6A313150D}.Release|Any CPU.ActiveCfg = Release|Any CPU
	EndGlobalSection
	GlobalSection(SolutionProperties) = preSolution
		HideSolutionNode = FALSE
	EndGlobalSection
	GlobalSection(ExtensibilityGlobals) = postSolution
		SolutionGuid = {AA2890BC-9EC3-4920-91CB-69A2815601CB}
	EndGlobalSection
EndGlobal
